
Microsoft Visual Studio Solution File, Format Version 12.00
# Visual Studio Version 16
VisualStudioVersion = 16.0.30804.86
MinimumVisualStudioVersion = 10.0.40219.1
Project("{FAE04EC0-301F-11D3-BF4B-00C04F79EFBC}") = "qrCodeApp", "qrCodeApp.csproj", "{139E75B0-3F4E-4ECA-BA92-9F4B2DE9053C}"
EndProject
Global
	GlobalSection(SolutionConfigurationPlatforms) = preSolution
		Debug|Any CPU = Debug|Any CPU
		Release|Any CPU = Release|Any CPU
	EndGlobalSection
	GlobalSection(ProjectConfigurationPlatforms) = postSolution
		{139E75B0-3F4E-4ECA-BA92-9F4B2DE9053C}.Debug|Any CPU.ActiveCfg = Debug|Any CPU
		{139E75B0-3F4E-4ECA-BA92-9F4B2DE9053C}.Debug|Any CPU.Build.0 = Debug|Any CPU
		{139E75B0-3F4E-4ECA-BA92-9F4B2DE9053C}.Release|Any CPU.ActiveCfg = Release|Any CPU
		{139E75B0-3F4E-4ECA-BA92-9F4B2DE9053C}.Release|Any CPU.Build.0 = Release|Any CPU
	EndGlobalSection
	GlobalSection(SolutionProperties) = preSolution
		HideSolutionNode = FALSE
	EndGlobalSection
	GlobalSection(ExtensibilityGlobals) = postSolution
		SolutionGuid = {5FA8BDD2-3423-4927-9C0C-C0476277C884}
	EndGlobalSection
EndGlobal
